// !$*UTF8*$!
{
	archiveVersion = 1;
	classes = {
	};
	objectVersion = 46;
	objects = {

/* Begin PBXBuildFile section */
		3804AA1C1D4EA8C600BAB7D2 /* AppDelegate.swift in Sources */ = {isa = PBXBuildFile; fileRef = 3804AA1B1D4EA8C600BAB7D2 /* AppDelegate.swift */; };
		3804AA1E1D4EA8C600BAB7D2 /* RecordSoundsViewController.swift in Sources */ = {isa = PBXBuildFile; fileRef = 3804AA1D1D4EA8C600BAB7D2 /* RecordSoundsViewController.swift */; };
		3804AA211D4EA8C600BAB7D2 /* Main.storyboard in Resources */ = {isa = PBXBuildFile; fileRef = 3804AA1F1D4EA8C600BAB7D2 /* Main.storyboard */; };
		3804AA231D4EA8C600BAB7D2 /* Assets.xcassets in Resources */ = {isa = PBXBuildFile; fileRef = 3804AA221D4EA8C600BAB7D2 /* Assets.xcassets */; };
		3804AA261D4EA8C600BAB7D2 /* LaunchScreen.storyboard in Resources */ = {isa = PBXBuildFile; fileRef = 3804AA241D4EA8C600BAB7D2 /* LaunchScreen.storyboard */; };
		3804AA311D4EA8C600BAB7D2 /* Pitch_PerfectTests.swift in Sources */ = {isa = PBXBuildFile; fileRef = 3804AA301D4EA8C600BAB7D2 /* Pitch_PerfectTests.swift */; };
		3804AA3C1D4EA8C600BAB7D2 /* Pitch_PerfectUITests.swift in Sources */ = {isa = PBXBuildFile; fileRef = 3804AA3B1D4EA8C600BAB7D2 /* Pitch_PerfectUITests.swift */; };
		38D409401D5177D800E2B4F6 /* PlaySoundsViewController.swift in Sources */ = {isa = PBXBuildFile; fileRef = 38D4093F1D5177D800E2B4F6 /* PlaySoundsViewController.swift */; };
		38D409421D52980A00E2B4F6 /* PlaySoundsViewController+Audio.swift in Sources */ = {isa = PBXBuildFile; fileRef = 38D409411D52980A00E2B4F6 /* PlaySoundsViewController+Audio.swift */; };
/* End PBXBuildFile section */

/* Begin PBXContainerItemProxy section */
		3804AA2D1D4EA8C600BAB7D2 /* PBXContainerItemProxy */ = {
			isa = PBXContainerItemProxy;
			containerPortal = 3804AA101D4EA8C600BAB7D2 /* Project object */;
			proxyType = 1;
			remoteGlobalIDString = 3804AA171D4EA8C600BAB7D2;
			remoteInfo = "Pitch Perfect";
		};
		3804AA381D4EA8C600BAB7D2 /* PBXContainerItemProxy */ = {
			isa = PBXContainerItemProxy;
			containerPortal = 3804AA101D4EA8C600BAB7D2 /* Project object */;
			proxyType = 1;
			remoteGlobalIDString = 3804AA171D4EA8C600BAB7D2;
			remoteInfo = "Pitch Perfect";
		};
/* End PBXContainerItemProxy section */

/* Begin PBXFileReference section */
		3804AA181D4EA8C600BAB7D2 /* Pitch Perfect.app */ = {isa = PBXFileReference; explicitFileType = wrapper.application; includeInIndex = 0; path = "Pitch Perfect.app"; sourceTree = BUILT_PRODUCTS_DIR; };
		3804AA1B1D4EA8C600BAB7D2 /* AppDelegate.swift */ = {isa = PBXFileReference; lastKnownFileType = sourcecode.swift; path = AppDelegate.swift; sourceTree = "<group>"; };
		3804AA1D1D4EA8C600BAB7D2 /* RecordSoundsViewController.swift */ = {isa = PBXFileReference; lastKnownFileType = sourcecode.swift; path = RecordSoundsViewController.swift; sourceTree = "<group>"; };
		3804AA201D4EA8C600BAB7D2 /* Base */ = {isa = PBXFileReference; lastKnownFileType = file.storyboard; name = Base; path = Base.lproj/Main.storyboard; sourceTree = "<group>"; };
		3804AA221D4EA8C600BAB7D2 /* Assets.xcassets */ = {isa = PBXFileReference; lastKnownFileType = folder.assetcatalog; path = Assets.xcassets; sourceTree = "<group>"; };
		3804AA251D4EA8C600BAB7D2 /* Base */ = {isa = PBXFileReference; lastKnownFileType = file.storyboard; name = Base; path = Base.lproj/LaunchScreen.storyboard; sourceTree = "<group>"; };
		3804AA271D4EA8C600BAB7D2 /* Info.plist */ = {isa = PBXFileReference; lastKnownFileType = text.plist.xml; path = Info.plist; sourceTree = "<group>"; };
		3804AA2C1D4EA8C600BAB7D2 /* Pitch PerfectTests.xctest */ = {isa = PBXFileReference; explicitFileType = wrapper.cfbundle; includeInIndex = 0; path = "Pitch PerfectTests.xctest"; sourceTree = BUILT_PRODUCTS_DIR; };
		3804AA301D4EA8C600BAB7D2 /* Pitch_PerfectTests.swift */ = {isa = PBXFileReference; lastKnownFileType = sourcecode.swift; path = Pitch_PerfectTests.swift; sourceTree = "<group>"; };
		3804AA321D4EA8C600BAB7D2 /* Info.plist */ = {isa = PBXFileReference; lastKnownFileType = text.plist.xml; path = Info.plist; sourceTree = "<group>"; };
		3804AA371D4EA8C600BAB7D2 /* Pitch PerfectUITests.xctest */ = {isa = PBXFileReference; explicitFileType = wrapper.cfbundle; includeInIndex = 0; path = "Pitch PerfectUITests.xctest"; sourceTree = BUILT_PRODUCTS_DIR; };
		3804AA3B1D4EA8C600BAB7D2 /* Pitch_PerfectUITests.swift */ = {isa = PBXFileReference; lastKnownFileType = sourcecode.swift; path = Pitch_PerfectUITests.swift; sourceTree = "<group>"; };
		3804AA3D1D4EA8C600BAB7D2 /* Info.plist */ = {isa = PBXFileReference; lastKnownFileType = text.plist.xml; path = Info.plist; sourceTree = "<group>"; };
		38D4093F1D5177D800E2B4F6 /* PlaySoundsViewController.swift */ = {isa = PBXFileReference; fileEncoding = 4; lastKnownFileType = sourcecode.swift; path = PlaySoundsViewController.swift; sourceTree = "<group>"; };
		38D409411D52980A00E2B4F6 /* PlaySoundsViewController+Audio.swift */ = {isa = PBXFileReference; fileEncoding = 4; lastKnownFileType = sourcecode.swift; path = "PlaySoundsViewController+Audio.swift"; sourceTree = "<group>"; };
/* End PBXFileReference section */

/* Begin PBXFrameworksBuildPhase section */
		3804AA151D4EA8C600BAB7D2 /* Frameworks */ = {
			isa = PBXFrameworksBuildPhase;
			buildActionMask = 2147483647;
			files = (
			);
			runOnlyForDeploymentPostprocessing = 0;
		};
		3804AA291D4EA8C600BAB7D2 /* Frameworks */ = {
			isa = PBXFrameworksBuildPhase;
			buildActionMask = 2147483647;
			files = (
			);
			runOnlyForDeploymentPostprocessing = 0;
		};
		3804AA341D4EA8C600BAB7D2 /* Frameworks */ = {
			isa = PBXFrameworksBuildPhase;
			buildActionMask = 2147483647;
			files = (
			);
			runOnlyForDeploymentPostprocessing = 0;
		};
/* End PBXFrameworksBuildPhase section */

/* Begin PBXGroup section */
		3804AA0F1D4EA8C600BAB7D2 = {
			isa = PBXGroup;
			children = (
				3804AA1A1D4EA8C600BAB7D2 /* Pitch Perfect */,
				3804AA2F1D4EA8C600BAB7D2 /* Pitch PerfectTests */,
				3804AA3A1D4EA8C600BAB7D2 /* Pitch PerfectUITests */,
				3804AA191D4EA8C600BAB7D2 /* Products */,
			);
			sourceTree = "<group>";
		};
		3804AA191D4EA8C600BAB7D2 /* Products */ = {
			isa = PBXGroup;
			children = (
				3804AA181D4EA8C600BAB7D2 /* Pitch Perfect.app */,
				3804AA2C1D4EA8C600BAB7D2 /* Pitch PerfectTests.xctest */,
				3804AA371D4EA8C600BAB7D2 /* Pitch PerfectUITests.xctest */,
			);
			name = Products;
			sourceTree = "<group>";
		};
		3804AA1A1D4EA8C600BAB7D2 /* Pitch Perfect */ = {
			isa = PBXGroup;
			children = (
				3804AA1B1D4EA8C600BAB7D2 /* AppDelegate.swift */,
				3804AA1D1D4EA8C600BAB7D2 /* RecordSoundsViewController.swift */,
				3804AA1F1D4EA8C600BAB7D2 /* Main.storyboard */,
				38D4093F1D5177D800E2B4F6 /* PlaySoundsViewController.swift */,
				38D409411D52980A00E2B4F6 /* PlaySoundsViewController+Audio.swift */,
				3804AA221D4EA8C600BAB7D2 /* Assets.xcassets */,
				3804AA241D4EA8C600BAB7D2 /* LaunchScreen.storyboard */,
				3804AA271D4EA8C600BAB7D2 /* Info.plist */,
			);
			path = "Pitch Perfect";
			sourceTree = "<group>";
		};
		3804AA2F1D4EA8C600BAB7D2 /* Pitch PerfectTests */ = {
			isa = PBXGroup;
			children = (
				3804AA301D4EA8C600BAB7D2 /* Pitch_PerfectTests.swift */,
				3804AA321D4EA8C600BAB7D2 /* Info.plist */,
			);
			path = "Pitch PerfectTests";
			sourceTree = "<group>";
		};
		3804AA3A1D4EA8C600BAB7D2 /* Pitch PerfectUITests */ = {
			isa = PBXGroup;
			children = (
				3804AA3B1D4EA8C600BAB7D2 /* Pitch_PerfectUITests.swift */,
				3804AA3D1D4EA8C600BAB7D2 /* Info.plist */,
			);
			path = "Pitch PerfectUITests";
			sourceTree = "<group>";
		};
/* End PBXGroup section */

/* Begin PBXNativeTarget section */
		3804AA171D4EA8C600BAB7D2 /* Pitch Perfect */ = {
			isa = PBXNativeTarget;
			buildConfigurationList = 3804AA401D4EA8C600BAB7D2 /* Build configuration list for PBXNativeTarget "Pitch Perfect" */;
			buildPhases = (
				3804AA141D4EA8C600BAB7D2 /* Sources */,
				3804AA151D4EA8C600BAB7D2 /* Frameworks */,
				3804AA161D4EA8C600BAB7D2 /* Resources */,
			);
			buildRules = (
			);
			dependencies = (
			);
			name = "Pitch Perfect";
			productName = "Pitch Perfect";
			productReference = 3804AA181D4EA8C600BAB7D2 /* Pitch Perfect.app */;
			productType = "com.apple.product-type.application";
		};
		3804AA2B1D4EA8C600BAB7D2 /* Pitch PerfectTests */ = {
			isa = PBXNativeTarget;
			buildConfigurationList = 3804AA431D4EA8C600BAB7D2 /* Build configuration list for PBXNativeTarget "Pitch PerfectTests" */;
			buildPhases = (
				3804AA281D4EA8C600BAB7D2 /* Sources */,
				3804AA291D4EA8C600BAB7D2 /* Frameworks */,
				3804AA2A1D4EA8C600BAB7D2 /* Resources */,
			);
			buildRules = (
			);
			dependencies = (
				3804AA2E1D4EA8C600BAB7D2 /* PBXTargetDependency */,
			);
			name = "Pitch PerfectTests";
			productName = "Pitch PerfectTests";
			productReference = 3804AA2C1D4EA8C600BAB7D2 /* Pitch PerfectTests.xctest */;
			productType = "com.apple.product-type.bundle.unit-test";
		};
		3804AA361D4EA8C600BAB7D2 /* Pitch PerfectUITests */ = {
			isa = PBXNativeTarget;
			buildConfigurationList = 3804AA461D4EA8C600BAB7D2 /* Build configuration list for PBXNativeTarget "Pitch PerfectUITests" */;
			buildPhases = (
				3804AA331D4EA8C600BAB7D2 /* Sources */,
				3804AA341D4EA8C600BAB7D2 /* Frameworks */,
				3804AA351D4EA8C600BAB7D2 /* Resources */,
			);
			buildRules = (
			);
			dependencies = (
				3804AA391D4EA8C600BAB7D2 /* PBXTargetDependency */,
			);
			name = "Pitch PerfectUITests";
			productName = "Pitch PerfectUITests";
			productReference = 3804AA371D4EA8C600BAB7D2 /* Pitch PerfectUITests.xctest */;
			productType = "com.apple.product-type.bundle.ui-testing";
		};
/* End PBXNativeTarget section */

/* Begin PBXProject section */
		3804AA101D4EA8C600BAB7D2 /* Project object */ = {
			isa = PBXProject;
			attributes = {
				LastSwiftUpdateCheck = 0730;
				LastUpgradeCheck = 0730;
				ORGANIZATIONNAME = "Christine Chang";
				TargetAttributes = {
					3804AA171D4EA8C600BAB7D2 = {
						CreatedOnToolsVersion = 7.3.1;
					};
					3804AA2B1D4EA8C600BAB7D2 = {
						CreatedOnToolsVersion = 7.3.1;
						TestTargetID = 3804AA171D4EA8C600BAB7D2;
					};
					3804AA361D4EA8C600BAB7D2 = {
						CreatedOnToolsVersion = 7.3.1;
						TestTargetID = 3804AA171D4EA8C600BAB7D2;
					};
				};
			};
			buildConfigurationList = 3804AA131D4EA8C600BAB7D2 /* Build configuration list for PBXProject "Pitch Perfect" */;
			compatibilityVersion = "Xcode 3.2";
			developmentRegion = English;
			hasScannedForEncodings = 0;
			knownRegions = (
				en,
				Base,
			);
			mainGroup = 3804AA0F1D4EA8C600BAB7D2;
			productRefGroup = 3804AA191D4EA8C600BAB7D2 /* Products */;
			projectDirPath = "";
			projectRoot = "";
			targets = (
				3804AA171D4EA8C600BAB7D2 /* Pitch Perfect */,
				3804AA2B1D4EA8C600BAB7D2 /* Pitch PerfectTests */,
				3804AA361D4EA8C600BAB7D2 /* Pitch PerfectUITests */,
			);
		};
/* End PBXProject section */

/* Begin PBXResourcesBuildPhase section */
		3804AA161D4EA8C600BAB7D2 /* Resources */ = {
			isa = PBXResourcesBuildPhase;
			buildActionMask = 2147483647;
			files = (
				3804AA261D4EA8C600BAB7D2 /* LaunchScreen.storyboard in Resources */,
				3804AA231D4EA8C600BAB7D2 /* Assets.xcassets in Resources */,
				3804AA211D4EA8C600BAB7D2 /* Main.storyboard in Resources */,
			);
			runOnlyForDeploymentPostprocessing = 0;
		};
		3804AA2A1D4EA8C600BAB7D2 /* Resources */ = {
			isa = PBXResourcesBuildPhase;
			buildActionMask = 2147483647;
			files = (
			);
			runOnlyForDeploymentPostprocessing = 0;
		};
		3804AA351D4EA8C600BAB7D2 /* Resources */ = {
			isa = PBXResourcesBuildPhase;
			buildActionMask = 2147483647;
			files = (
			);
			runOnlyForDeploymentPostprocessing = 0;
		};
/* End PBXResourcesBuildPhase section */

/* Begin PBXSourcesBuildPhase section */
		3804AA141D4EA8C600BAB7D2 /* Sources */ = {
			isa = PBXSourcesBuildPhase;
			buildActionMask = 2147483647;
			files = (
				3804AA1E1D4EA8C600BAB7D2 /* RecordSoundsViewController.swift in Sources */,
				38D409421D52980A00E2B4F6 /* PlaySoundsViewController+Audio.swift in Sources */,
				38D409401D5177D800E2B4F6 /* PlaySoundsViewController.swift in Sources */,
				3804AA1C1D4EA8C600BAB7D2 /* AppDelegate.swift in Sources */,
			);
			runOnlyForDeploymentPostprocessing = 0;
		};
		3804AA281D4EA8C600BAB7D2 /* Sources */ = {
			isa = PBXSourcesBuildPhase;
			buildActionMask = 2147483647;
			files = (
				3804AA311D4EA8C600BAB7D2 /* Pitch_PerfectTests.swift in Sources */,
			);
			runOnlyForDeploymentPostprocessing = 0;
		};
		3804AA331D4EA8C600BAB7D2 /* Sources */ = {
			isa = PBXSourcesBuildPhase;
			buildActionMask = 2147483647;
			files = (
				3804AA3C1D4EA8C600BAB7D2 /* Pitch_PerfectUITests.swift in Sources */,
			);
			runOnlyForDeploymentPostprocessing = 0;
		};
/* End PBXSourcesBuildPhase section */

/* Begin PBXTargetDependency section */
		3804AA2E1D4EA8C600BAB7D2 /* PBXTargetDependency */ = {
			isa = PBXTargetDependency;
			target = 3804AA171D4EA8C600BAB7D2 /* Pitch Perfect */;
			targetProxy = 3804AA2D1D4EA8C600BAB7D2 /* PBXContainerItemProxy */;
		};
		3804AA391D4EA8C600BAB7D2 /* PBXTargetDependency */ = {
			isa = PBXTargetDependency;
			target = 3804AA171D4EA8C600BAB7D2 /* Pitch Perfect */;
			targetProxy = 3804AA381D4EA8C600BAB7D2 /* PBXContainerItemProxy */;
		};
/* End PBXTargetDependency section */

/* Begin PBXVariantGroup section */
		3804AA1F1D4EA8C600BAB7D2 /* Main.storyboard */ = {
			isa = PBXVariantGroup;
			children = (
				3804AA201D4EA8C600BAB7D2 /* Base */,
			);
			name = Main.storyboard;
			sourceTree = "<group>";
		};
		3804AA241D4EA8C600BAB7D2 /* LaunchScreen.storyboard */ = {
			isa = PBXVariantGroup;
			children = (
				3804AA251D4EA8C600BAB7D2 /* Base */,
			);
			name = LaunchScreen.storyboard;
			sourceTree = "<group>";
		};
/* End PBXVariantGroup section */

/* Begin XCBuildConfiguration section */
		3804AA3E1D4EA8C600BAB7D2 /* Debug */ = {
			isa = XCBuildConfiguration;
			buildSettings = {
				ALWAYS_SEARCH_USER_PATHS = NO;
				CLANG_ANALYZER_NONNULL = YES;
				CLANG_CXX_LANGUAGE_STANDARD = "gnu++0x";
				CLANG_CXX_LIBRARY = "libc++";
				CLANG_ENABLE_MODULES = YES;
				CLANG_ENABLE_OBJC_ARC = YES;
				CLANG_WARN_BOOL_CONVERSION = YES;
				CLANG_WARN_CONSTANT_CONVERSION = YES;
				CLANG_WARN_DIRECT_OBJC_ISA_USAGE = YES_ERROR;
				CLANG_WARN_EMPTY_BODY = YES;
				CLANG_WARN_ENUM_CONVERSION = YES;
				CLANG_WARN_INT_CONVERSION = YES;
				CLANG_WARN_OBJC_ROOT_CLASS = YES_ERROR;
				CLANG_WARN_UNREACHABLE_CODE = YES;
				CLANG_WARN__DUPLICATE_METHOD_MATCH = YES;
				"CODE_SIGN_IDENTITY[sdk=iphoneos*]" = "iPhone Developer";
				COPY_PHASE_STRIP = NO;
				DEBUG_INFORMATION_FORMAT = dwarf;
				ENABLE_STRICT_OBJC_MSGSEND = YES;
				ENABLE_TESTABILITY = YES;
				GCC_C_LANGUAGE_STANDARD = gnu99;
				GCC_DYNAMIC_NO_PIC = NO;
				GCC_NO_COMMON_BLOCKS = YES;
				GCC_OPTIMIZATION_LEVEL = 0;
				GCC_PREPROCESSOR_DEFINITIONS = (
					"DEBUG=1",
					"$(inherited)",
				);
				GCC_WARN_64_TO_32_BIT_CONVERSION = YES;
				GCC_WARN_ABOUT_RETURN_TYPE = YES_ERROR;
				GCC_WARN_UNDECLARED_SELECTOR = YES;
				GCC_WARN_UNINITIALIZED_AUTOS = YES_AGGRESSIVE;
				GCC_WARN_UNUSED_FUNCTION = YES;
				GCC_WARN_UNUSED_VARIABLE = YES;
				IPHONEOS_DEPLOYMENT_TARGET = 9.3;
				MTL_ENABLE_DEBUG_INFO = YES;
				ONLY_ACTIVE_ARCH = YES;
				SDKROOT = iphoneos;
				SWIFT_OPTIMIZATION_LEVEL = "-Onone";
				TARGETED_DEVICE_FAMILY = "1,2";
			};
			name = Debug;
		};
		3804AA3F1D4EA8C600BAB7D2 /* Release */ = {
			isa = XCBuildConfiguration;
			buildSettings = {
				ALWAYS_SEARCH_USER_PATHS = NO;
				CLANG_ANALYZER_NONNULL = YES;
				CLANG_CXX_LANGUAGE_STANDARD = "gnu++0x";
				CLANG_CXX_LIBRARY = "libc++";
				CLANG_ENABLE_MODULES = YES;
				CLANG_ENABLE_OBJC_ARC = YES;
				CLANG_WARN_BOOL_CONVERSION = YES;
				CLANG_WARN_CONSTANT_CONVERSION = YES;
				CLANG_WARN_DIRECT_OBJC_ISA_USAGE = YES_ERROR;
				CLANG_WARN_EMPTY_BODY = YES;
				CLANG_WARN_ENUM_CONVERSION = YES;
				CLANG_WARN_INT_CONVERSION = YES;
				CLANG_WARN_OBJC_ROOT_CLASS = YES_ERROR;
				CLANG_WARN_UNREACHABLE_CODE = YES;
				CLANG_WARN__DUPLICATE_METHOD_MATCH = YES;
				"CODE_SIGN_IDENTITY[sdk=iphoneos*]" = "iPhone Developer";
				COPY_PHASE_STRIP = NO;
				DEBUG_INFORMATION_FORMAT = "dwarf-with-dsym";
				ENABLE_NS_ASSERTIONS = NO;
				ENABLE_STRICT_OBJC_MSGSEND = YES;
				GCC_C_LANGUAGE_STANDARD = gnu99;
				GCC_NO_COMMON_BLOCKS = YES;
				GCC_WARN_64_TO_32_BIT_CONVERSION = YES;
				GCC_WARN_ABOUT_RETURN_TYPE = YES_ERROR;
				GCC_WARN_UNDECLARED_SELECTOR = YES;
				GCC_WARN_UNINITIALIZED_AUTOS = YES_AGGRESSIVE;
				GCC_WARN_UNUSED_FUNCTION = YES;
				GCC_WARN_UNUSED_VARIABLE = YES;
				IPHONEOS_DEPLOYMENT_TARGET = 9.3;
				MTL_ENABLE_DEBUG_INFO = NO;
				SDKROOT = iphoneos;
				TARGETED_DEVICE_FAMILY = "1,2";
				VALIDATE_PRODUCT = YES;
			};
			name = Release;
		};
		3804AA411D4EA8C600BAB7D2 /* Debug */ = {
			isa = XCBuildConfiguration;
			buildSettings = {
				ASSETCATALOG_COMPILER_APPICON_NAME = AppIcon;
				INFOPLIST_FILE = "Pitch Perfect/Info.plist";
				LD_RUNPATH_SEARCH_PATHS = "$(inherited) @executable_path/Frameworks";
				PRODUCT_BUNDLE_IDENTIFIER = "com.Pitch-Perfect";
				PRODUCT_NAME = "$(TARGET_NAME)";
			};
			name = Debug;
		};
		3804AA421D4EA8C600BAB7D2 /* Release */ = {
			isa = XCBuildConfiguration;
			buildSettings = {
				ASSETCATALOG_COMPILER_APPICON_NAME = AppIcon;
				INFOPLIST_FILE = "Pitch Perfect/Info.plist";
				LD_RUNPATH_SEARCH_PATHS = "$(inherited) @executable_path/Frameworks";
				PRODUCT_BUNDLE_IDENTIFIER = "com.Pitch-Perfect";
				PRODUCT_NAME = "$(TARGET_NAME)";
			};
			name = Release;
		};
		3804AA441D4EA8C600BAB7D2 /* Debug */ = {
			isa = XCBuildConfiguration;
			buildSettings = {
				BUNDLE_LOADER = "$(TEST_HOST)";
				INFOPLIST_FILE = "Pitch PerfectTests/Info.plist";
				LD_RUNPATH_SEARCH_PATHS = "$(inherited) @executable_path/Frameworks @loader_path/Frameworks";
				PRODUCT_BUNDLE_IDENTIFIER = "com.Pitch-PerfectTests";
				PRODUCT_NAME = "$(TARGET_NAME)";
				TEST_HOST = "$(BUILT_PRODUCTS_DIR)/Pitch Perfect.app/Pitch Perfect";
			};
			name = Debug;
		};
		3804AA451D4EA8C600BAB7D2 /* Release */ = {
			isa = XCBuildConfiguration;
			buildSettings = {
				BUNDLE_LOADER = "$(TEST_HOST)";
				INFOPLIST_FILE = "Pitch PerfectTests/Info.plist";
				LD_RUNPATH_SEARCH_PATHS = "$(inherited) @executable_path/Frameworks @loader_path/Frameworks";
				PRODUCT_BUNDLE_IDENTIFIER = "com.Pitch-PerfectTests";
				PRODUCT_NAME = "$(TARGET_NAME)";
				TEST_HOST = "$(BUILT_PRODUCTS_DIR)/Pitch Perfect.app/Pitch Perfect";
			};
			name = Release;
		};
		3804AA471D4EA8C600BAB7D2 /* Debug */ = {
			isa = XCBuildConfiguration;
			buildSettings = {
				INFOPLIST_FILE = "Pitch PerfectUITests/Info.plist";
				LD_RUNPATH_SEARCH_PATHS = "$(inherited) @executable_path/Frameworks @loader_path/Frameworks";
				PRODUCT_BUNDLE_IDENTIFIER = "com.Pitch-PerfectUITests";
				PRODUCT_NAME = "$(TARGET_NAME)";
				TEST_TARGET_NAME = "Pitch Perfect";
			};
			name = Debug;
		};
		3804AA481D4EA8C600BAB7D2 /* Release */ = {
			isa = XCBuildConfiguration;
			buildSettings = {
				INFOPLIST_FILE = "Pitch PerfectUITests/Info.plist";
				LD_RUNPATH_SEARCH_PATHS = "$(inherited) @executable_path/Frameworks @loader_path/Frameworks";
				PRODUCT_BUNDLE_IDENTIFIER = "com.Pitch-PerfectUITests";
				PRODUCT_NAME = "$(TARGET_NAME)";
				TEST_TARGET_NAME = "Pitch Perfect";
			};
			name = Release;
		};
/* End XCBuildConfiguration section */

/* Begin XCConfigurationList section */
		3804AA131D4EA8C600BAB7D2 /* Build configuration list for PBXProject "Pitch Perfect" */ = {
			isa = XCConfigurationList;
			buildConfigurations = (
				3804AA3E1D4EA8C600BAB7D2 /* Debug */,
				3804AA3F1D4EA8C600BAB7D2 /* Release */,
			);
			defaultConfigurationIsVisible = 0;
			defaultConfigurationName = Release;
		};
		3804AA401D4EA8C600BAB7D2 /* Build configuration list for PBXNativeTarget "Pitch Perfect" */ = {
			isa = XCConfigurationList;
			buildConfigurations = (
				3804AA411D4EA8C600BAB7D2 /* Debug */,
				3804AA421D4EA8C600BAB7D2 /* Release */,
			);
			defaultConfigurationIsVisible = 0;
			defaultConfigurationName = Release;
		};
		3804AA431D4EA8C600BAB7D2 /* Build configuration list for PBXNativeTarget "Pitch PerfectTests" */ = {
			isa = XCConfigurationList;
			buildConfigurations = (
				3804AA441D4EA8C600BAB7D2 /* Debug */,
				3804AA451D4EA8C600BAB7D2 /* Release */,
			);
			defaultConfigurationIsVisible = 0;
			defaultConfigurationName = Release;
		};
		3804AA461D4EA8C600BAB7D2 /* Build configuration list for PBXNativeTarget "Pitch PerfectUITests" */ = {
			isa = XCConfigurationList;
			buildConfigurations = (
				3804AA471D4EA8C600BAB7D2 /* Debug */,
				3804AA481D4EA8C600BAB7D2 /* Release */,
			);
			defaultConfigurationIsVisible = 0;
			defaultConfigurationName = Release;
		};
/* End XCConfigurationList section */
	};
	rootObject = 3804AA101D4EA8C600BAB7D2 /* Project object */;
}
